
Microsoft Visual Studio Solution File, Format Version 12.00
# Visual Studio Version 17
VisualStudioVersion = 17.9.34723.18
MinimumVisualStudioVersion = 10.0.40219.1
Project("{2150E333-8FDC-42A3-9474-1A3956D46DE8}") = "Çözüm Öğeleri", "Çözüm Öğeleri", "{0EEDAA6A-EFE1-4562-A2CA-E90F4271E3D3}"
	ProjectSection(SolutionItems) = preProject
		ReadME.txt = ReadME.txt
	EndProjectSection
EndProject
Project("{9A19103F-16F7-4668-BE54-9A1E7A4F7556}") = "HotCat.Model", "HotCat.Model\HotCat.Model.csproj", "{00F29D7D-CFE8-4915-B4DA-9F7F23B9A79D}"
EndProject
Project("{9A19103F-16F7-4668-BE54-9A1E7A4F7556}") = "HotCat.DAL", "HotCat.DAL\HotCat.DAL.csproj", "{20824C32-2363-49F1-BB0F-2EE140C89329}"
EndProject
Project("{9A19103F-16F7-4668-BE54-9A1E7A4F7556}") = "HotCat.BLL", "HotCat.BLL\HotCat.BLL.csproj", "{5AF13453-8484-4270-BDC5-83B4650712B1}"
EndProject
Project("{2150E333-8FDC-42A3-9474-1A3956D46DE8}") = "UI", "UI", "{903844B1-E4B1-497A-BD72-A92CE58EDF6E}"
EndProject
Project("{9A19103F-16F7-4668-BE54-9A1E7A4F7556}") = "HotCatCafe.MVC", "HotCatCafe.MVC\HotCatCafe.MVC.csproj", "{EA3B5C03-A25A-42DE-B872-480EB071169D}"
EndProject
Project("{9A19103F-16F7-4668-BE54-9A1E7A4F7556}") = "HotCatCafe.Common", "HotCatCafe.Common\HotCatCafe.Common.csproj", "{C413B74C-208D-4AC7-8757-860599B9907E}"
EndProject
Project("{FAE04EC0-301F-11D3-BF4B-00C04F79EFBC}") = "HotCat.IOC", "HotCat.IOC\HotCat.IOC.csproj", "{25C81E06-B5F2-459A-AD3A-48EC3572C0AC}"
EndProject
Global
	GlobalSection(SolutionConfigurationPlatforms) = preSolution
		Debug|Any CPU = Debug|Any CPU
		Release|Any CPU = Release|Any CPU
	EndGlobalSection
	GlobalSection(ProjectConfigurationPlatforms) = postSolution
		{00F29D7D-CFE8-4915-B4DA-9F7F23B9A79D}.Debug|Any CPU.ActiveCfg = Debug|Any CPU
		{00F29D7D-CFE8-4915-B4DA-9F7F23B9A79D}.Debug|Any CPU.Build.0 = Debug|Any CPU
		{00F29D7D-CFE8-4915-B4DA-9F7F23B9A79D}.Release|Any CPU.ActiveCfg = Release|Any CPU
		{00F29D7D-CFE8-4915-B4DA-9F7F23B9A79D}.Release|Any CPU.Build.0 = Release|Any CPU
		{20824C32-2363-49F1-BB0F-2EE140C89329}.Debug|Any CPU.ActiveCfg = Debug|Any CPU
		{20824C32-2363-49F1-BB0F-2EE140C89329}.Debug|Any CPU.Build.0 = Debug|Any CPU
		{20824C32-2363-49F1-BB0F-2EE140C89329}.Release|Any CPU.ActiveCfg = Release|Any CPU
		{20824C32-2363-49F1-BB0F-2EE140C89329}.Release|Any CPU.Build.0 = Release|Any CPU
		{5AF13453-8484-4270-BDC5-83B4650712B1}.Debug|Any CPU.ActiveCfg = Debug|Any CPU
		{5AF13453-8484-4270-BDC5-83B4650712B1}.Debug|Any CPU.Build.0 = Debug|Any CPU
		{5AF13453-8484-4270-BDC5-83B4650712B1}.Release|Any CPU.ActiveCfg = Release|Any CPU
		{5AF13453-8484-4270-BDC5-83B4650712B1}.Release|Any CPU.Build.0 = Release|Any CPU
		{EA3B5C03-A25A-42DE-B872-480EB071169D}.Debug|Any CPU.ActiveCfg = Debug|Any CPU
		{EA3B5C03-A25A-42DE-B872-480EB071169D}.Debug|Any CPU.Build.0 = Debug|Any CPU
		{EA3B5C03-A25A-42DE-B872-480EB071169D}.Release|Any CPU.ActiveCfg = Release|Any CPU
		{EA3B5C03-A25A-42DE-B872-480EB071169D}.Release|Any CPU.Build.0 = Release|Any CPU
		{C413B74C-208D-4AC7-8757-860599B9907E}.Debug|Any CPU.ActiveCfg = Debug|Any CPU
		{C413B74C-208D-4AC7-8757-860599B9907E}.Debug|Any CPU.Build.0 = Debug|Any CPU
		{C413B74C-208D-4AC7-8757-860599B9907E}.Release|Any CPU.ActiveCfg = Release|Any CPU
		{C413B74C-208D-4AC7-8757-860599B9907E}.Release|Any CPU.Build.0 = Release|Any CPU
		{25C81E06-B5F2-459A-AD3A-48EC3572C0AC}.Debug|Any CPU.ActiveCfg = Debug|Any CPU
		{25C81E06-B5F2-459A-AD3A-48EC3572C0AC}.Debug|Any CPU.Build.0 = Debug|Any CPU
		{25C81E06-B5F2-459A-AD3A-48EC3572C0AC}.Release|Any CPU.ActiveCfg = Release|Any CPU
		{25C81E06-B5F2-459A-AD3A-48EC3572C0AC}.Release|Any CPU.Build.0 = Release|Any CPU
	EndGlobalSection
	GlobalSection(SolutionProperties) = preSolution
		HideSolutionNode = FALSE
	EndGlobalSection
	GlobalSection(NestedProjects) = preSolution
		{EA3B5C03-A25A-42DE-B872-480EB071169D} = {903844B1-E4B1-497A-BD72-A92CE58EDF6E}
	EndGlobalSection
	GlobalSection(ExtensibilityGlobals) = postSolution
		SolutionGuid = {E4B603BB-5C01-4AD0-9735-C4409D14F93B}
	EndGlobalSection
EndGlobal
